# THIS IS AN AUTOGENERATED FILE. DO NOT EDIT THIS FILE DIRECTLY.
# yarn lockfile v1


"@emotion/react@11.14.0":
  version "11.14.0"
  resolved "file:../../node_modules/.pnpm/@emotion+react@11.14.0_@types+react@18.3.29_react@18.2.0/node_modules/@emotion/react"
  dependencies:
    "@babel/runtime" "^7.18.3"
    "@emotion/babel-plugin" "^11.13.5"
    "@emotion/cache" "^11.14.0"
    "@emotion/serialize" "^1.3.3"
    "@emotion/use-insertion-effect-with-fallbacks" "^1.2.0"
    "@emotion/utils" "^1.4.2"
    "@emotion/weak-memoize" "^0.4.0"
    hoist-non-react-statics "^3.3.1"

"@emotion/styled@11.14.0":
  version "11.14.0"
  resolved "file:../../node_modules/.pnpm/@emotion+styled@11.14.0_@emotion+react@11.14.0_@types+react@18.3.29_react@18.2.0__@types+react@18.3.29_react@18.2.0/node_modules/@emotion/styled"
  dependencies:
    "@babel/runtime" "^7.18.3"
    "@emotion/babel-plugin" "^11.13.5"
    "@emotion/is-prop-valid" "^1.3.0"
    "@emotion/serialize" "^1.3.3"
    "@emotion/use-insertion-effect-with-fallbacks" "^1.2.0"
    "@emotion/utils" "^1.4.2"

"@radix-ui/primitive@1.1.1":
  version "1.1.1"
  resolved "https://registry.npmjs.org/@radix-ui/primitive/-/primitive-1.1.1.tgz"
  integrity sha512-SJ31y+Q/zAyShtXJc8x83i9TYdbAfHZ++tUZnvjJJqFjzsdUnKsxPL6IEtBlxKkU7yzer//GQtZSV4GbldL3YA==

"@radix-ui/react-accordion@1.2.2":
  version "1.2.2"
  resolved "https://registry.npmjs.org/@radix-ui/react-accordion/-/react-accordion-1.2.2.tgz"
  integrity sha512-b1oh54x4DMCdGsB4/7ahiSrViXxaBwRPotiZNnYXjLha9vfuURSAZErki6qjDoSIV0eXx5v57XnTGVtGwnfp2g==
  dependencies:
    "@radix-ui/primitive" "1.1.1"
    "@radix-ui/react-collapsible" "1.1.2"
    "@radix-ui/react-collection" "1.1.1"
    "@radix-ui/react-compose-refs" "1.1.1"
    "@radix-ui/react-context" "1.1.1"
    "@radix-ui/react-direction" "1.1.0"
    "@radix-ui/react-id" "1.1.0"
    "@radix-ui/react-primitive" "2.0.1"
    "@radix-ui/react-use-controllable-state" "1.1.0"

"@radix-ui/react-collapsible@1.1.2":
  version "1.1.2"
  resolved "https://registry.npmjs.org/@radix-ui/react-collapsible/-/react-collapsible-1.1.2.tgz"
  integrity sha512-PliMB63vxz7vggcyq0IxNYk8vGDrLXVWw4+W4B8YnwI1s18x7YZYqlG9PLX7XxAJUi0g2DxP4XKJMFHh/iVh9A==
  dependencies:
    "@radix-ui/primitive" "1.1.1"
    "@radix-ui/react-compose-refs" "1.1.1"
    "@radix-ui/react-context" "1.1.1"
    "@radix-ui/react-id" "1.1.0"
    "@radix-ui/react-presence" "1.1.2"
    "@radix-ui/react-primitive" "2.0.1"
    "@radix-ui/react-use-controllable-state" "1.1.0"
    "@radix-ui/react-use-layout-effect" "1.1.0"

"@radix-ui/react-collection@1.1.1":
  version "1.1.1"
  resolved "https://registry.npmjs.org/@radix-ui/react-collection/-/react-collection-1.1.1.tgz"
  integrity sha512-LwT3pSho9Dljg+wY2KN2mrrh6y3qELfftINERIzBUO9e0N+t0oMTyn3k9iv+ZqgrwGkRnLpNJrsMv9BZlt2yuA==
  dependencies:
    "@radix-ui/react-compose-refs" "1.1.1"
    "@radix-ui/react-context" "1.1.1"
    "@radix-ui/react-primitive" "2.0.1"
    "@radix-ui/react-slot" "1.1.1"

"@radix-ui/react-compose-refs@1.1.1":
  version "1.1.1"
  resolved "https://registry.npmjs.org/@radix-ui/react-compose-refs/-/react-compose-refs-1.1.1.tgz"
  integrity sha512-Y9VzoRDSJtgFMUCoiZBDVo084VQ5hfpXxVE+NgkdNsjiDBByiImMZKKhxMwCbdHvhlENG6a833CbFkOQvTricw==

"@radix-ui/react-context@1.1.1":
  version "1.1.1"
  resolved "https://registry.npmjs.org/@radix-ui/react-context/-/react-context-1.1.1.tgz"
  integrity sha512-UASk9zi+crv9WteK/NU4PLvOoL3OuE6BWVKNF6hPRBtYBDXQ2u5iu3O59zUlJiTVvkyuycnqrztsHVJwcK9K+Q==

"@radix-ui/react-dialog@1.1.15":
  version "1.1.15"
  resolved "file:../../node_modules/.pnpm/@radix-ui+react-dialog@1.1.15_@types+react-dom@18.3.7_@types+react@18.3.29__@types+reac_a06217abecc9b7e0c669c0b41888b080/node_modules/@radix-ui/react-dialog"
  dependencies:
    "@radix-ui/primitive" "1.1.3"
    "@radix-ui/react-compose-refs" "1.1.2"
    "@radix-ui/react-context" "1.1.2"
    "@radix-ui/react-dismissable-layer" "1.1.11"
    "@radix-ui/react-focus-guards" "1.1.3"
    "@radix-ui/react-focus-scope" "1.1.7"
    "@radix-ui/react-id" "1.1.1"
    "@radix-ui/react-portal" "1.1.9"
    "@radix-ui/react-presence" "1.1.5"
    "@radix-ui/react-primitive" "2.1.3"
    "@radix-ui/react-slot" "1.2.3"
    "@radix-ui/react-use-controllable-state" "1.2.2"
    aria-hidden "^1.2.4"
    react-remove-scroll "^2.6.3"

"@radix-ui/react-direction@1.1.0":
  version "1.1.0"
  resolved "https://registry.npmjs.org/@radix-ui/react-direction/-/react-direction-1.1.0.tgz"
  integrity sha512-BUuBvgThEiAXh2DWu93XsT+a3aWrGqolGlqqw5VU1kG7p/ZH2cuDlM1sRLNnY3QcBS69UIz2mcKhMxDsdewhjg==

"@radix-ui/react-icons@1.3.2":
  version "1.3.2"
  resolved "file:../../node_modules/.pnpm/@radix-ui+react-icons@1.3.2_react@18.2.0/node_modules/@radix-ui/react-icons"

"@radix-ui/react-id@1.1.0":
  version "1.1.0"
  resolved "https://registry.npmjs.org/@radix-ui/react-id/-/react-id-1.1.0.tgz"
  integrity sha512-EJUrI8yYh7WOjNOqpoJaf1jlFIH2LvtgAl+YcFqNCa+4hj64ZXmPkAKOFs/ukjz3byN6bdb/AVUqHkI8/uWWMA==
  dependencies:
    "@radix-ui/react-use-layout-effect" "1.1.0"

"@radix-ui/react-popover@1.1.15":
  version "1.1.15"
  resolved "file:../../node_modules/.pnpm/@radix-ui+react-popover@1.1.15_@types+react-dom@18.3.7_@types+react@18.3.29__@types+rea_2d400d4ce0e7bd20681c33225fa73c63/node_modules/@radix-ui/react-popover"
  dependencies:
    "@radix-ui/primitive" "1.1.3"
    "@radix-ui/react-compose-refs" "1.1.2"
    "@radix-ui/react-context" "1.1.2"
    "@radix-ui/react-dismissable-layer" "1.1.11"
    "@radix-ui/react-focus-guards" "1.1.3"
    "@radix-ui/react-focus-scope" "1.1.7"
    "@radix-ui/react-id" "1.1.1"
    "@radix-ui/react-popper" "1.2.8"
    "@radix-ui/react-portal" "1.1.9"
    "@radix-ui/react-presence" "1.1.5"
    "@radix-ui/react-primitive" "2.1.3"
    "@radix-ui/react-slot" "1.2.3"
    "@radix-ui/react-use-controllable-state" "1.2.2"
    aria-hidden "^1.2.4"
    react-remove-scroll "^2.6.3"

"@radix-ui/react-presence@1.1.2":
  version "1.1.2"
  resolved "https://registry.npmjs.org/@radix-ui/react-presence/-/react-presence-1.1.2.tgz"
  integrity sha512-18TFr80t5EVgL9x1SwF/YGtfG+l0BS0PRAlCWBDoBEiDQjeKgnNZRVJp/oVBl24sr3Gbfwc/Qpj4OcWTQMsAEg==
  dependencies:
    "@radix-ui/react-compose-refs" "1.1.1"
    "@radix-ui/react-use-layout-effect" "1.1.0"

"@radix-ui/react-primitive@2.0.1":
  version "2.0.1"
  resolved "https://registry.npmjs.org/@radix-ui/react-primitive/-/react-primitive-2.0.1.tgz"
  integrity sha512-sHCWTtxwNn3L3fH8qAfnF3WbUZycW93SM1j3NFDzXBiz8D6F5UTTy8G1+WFEaiCdvCVRJWj6N2R4Xq6HdiHmDg==
  dependencies:
    "@radix-ui/react-slot" "1.1.1"

"@radix-ui/react-progress@1.1.2":
  version "1.1.2"
  resolved "file:../../node_modules/.pnpm/@radix-ui+react-progress@1.1.2_@types+react-dom@18.3.7_@types+react@18.3.29__@types+rea_a0385d8e229691e3808292302210052f/node_modules/@radix-ui/react-progress"
  dependencies:
    "@radix-ui/react-context" "1.1.1"
    "@radix-ui/react-primitive" "2.0.2"

"@radix-ui/react-select@2.2.6":
  version "2.2.6"
  resolved "file:../../node_modules/.pnpm/@radix-ui+react-select@2.2.6_@types+react-dom@18.3.7_@types+react@18.3.29__@types+react_2507abc3894cd09e39f0545b007082b2/node_modules/@radix-ui/react-select"
  dependencies:
    "@radix-ui/number" "1.1.1"
    "@radix-ui/primitive" "1.1.3"
    "@radix-ui/react-collection" "1.1.7"
    "@radix-ui/react-compose-refs" "1.1.2"
    "@radix-ui/react-context" "1.1.2"
    "@radix-ui/react-direction" "1.1.1"
    "@radix-ui/react-dismissable-layer" "1.1.11"
    "@radix-ui/react-focus-guards" "1.1.3"
    "@radix-ui/react-focus-scope" "1.1.7"
    "@radix-ui/react-id" "1.1.1"
    "@radix-ui/react-popper" "1.2.8"
    "@radix-ui/react-portal" "1.1.9"
    "@radix-ui/react-primitive" "2.1.3"
    "@radix-ui/react-slot" "1.2.3"
    "@radix-ui/react-use-callback-ref" "1.1.1"
    "@radix-ui/react-use-controllable-state" "1.2.2"
    "@radix-ui/react-use-layout-effect" "1.1.1"
    "@radix-ui/react-use-previous" "1.1.1"
    "@radix-ui/react-visually-hidden" "1.2.3"
    aria-hidden "^1.2.4"
    react-remove-scroll "^2.6.3"

"@radix-ui/react-slot@1.1.1":
  version "1.1.1"
  resolved "https://registry.npmjs.org/@radix-ui/react-slot/-/react-slot-1.1.1.tgz"
  integrity sha512-RApLLOcINYJA+dMVbOju7MYv1Mb2EBp2nH4HdDzXTSyaR5optlm6Otrz1euW3HbdOR8UmmFK06TD+A9frYWv+g==
  dependencies:
    "@radix-ui/react-compose-refs" "1.1.1"

"@radix-ui/react-slot@1.2.4":
  version "1.2.4"
  resolved "file:../../node_modules/.pnpm/@radix-ui+react-slot@1.2.4_@types+react@18.3.29_react@18.2.0/node_modules/@radix-ui/react-slot"
  dependencies:
    "@radix-ui/react-compose-refs" "1.1.2"

"@radix-ui/react-switch@1.1.2":
  version "1.1.2"
  resolved "file:../../node_modules/.pnpm/@radix-ui+react-switch@1.1.2_@types+react-dom@18.3.7_@types+react@18.3.29__@types+react_0208d2307a038e8b597f01c29de8e3cc/node_modules/@radix-ui/react-switch"
  dependencies:
    "@radix-ui/primitive" "1.1.1"
    "@radix-ui/react-compose-refs" "1.1.1"
    "@radix-ui/react-context" "1.1.1"
    "@radix-ui/react-primitive" "2.0.1"
    "@radix-ui/react-use-controllable-state" "1.1.0"
    "@radix-ui/react-use-previous" "1.1.0"
    "@radix-ui/react-use-size" "1.1.0"

"@radix-ui/react-tabs@1.1.2":
  version "1.1.2"
  resolved "file:../../node_modules/.pnpm/@radix-ui+react-tabs@1.1.2_@types+react-dom@18.3.7_@types+react@18.3.29__@types+react@1_09a5f1970b2b61b630fd353dd7d5a33d/node_modules/@radix-ui/react-tabs"
  dependencies:
    "@radix-ui/primitive" "1.1.1"
    "@radix-ui/react-context" "1.1.1"
    "@radix-ui/react-direction" "1.1.0"
    "@radix-ui/react-id" "1.1.0"
    "@radix-ui/react-presence" "1.1.2"
    "@radix-ui/react-primitive" "2.0.1"
    "@radix-ui/react-roving-focus" "1.1.1"
    "@radix-ui/react-use-controllable-state" "1.1.0"

"@radix-ui/react-toast@1.2.4":
  version "1.2.4"
  resolved "file:../../node_modules/.pnpm/@radix-ui+react-toast@1.2.4_@types+react-dom@18.3.7_@types+react@18.3.29__@types+react@_339f8e6b3542226390e2ba29e0cde50b/node_modules/@radix-ui/react-toast"
  dependencies:
    "@radix-ui/primitive" "1.1.1"
    "@radix-ui/react-collection" "1.1.1"
    "@radix-ui/react-compose-refs" "1.1.1"
    "@radix-ui/react-context" "1.1.1"
    "@radix-ui/react-dismissable-layer" "1.1.3"
    "@radix-ui/react-portal" "1.1.3"
    "@radix-ui/react-presence" "1.1.2"
    "@radix-ui/react-primitive" "2.0.1"
    "@radix-ui/react-use-callback-ref" "1.1.0"
    "@radix-ui/react-use-controllable-state" "1.1.0"
    "@radix-ui/react-use-layout-effect" "1.1.0"
    "@radix-ui/react-visually-hidden" "1.1.1"

"@radix-ui/react-tooltip@1.2.8":
  version "1.2.8"
  resolved "file:../../node_modules/.pnpm/@radix-ui+react-tooltip@1.2.8_@types+react-dom@18.3.7_@types+react@18.3.29__@types+reac_b9bf1500921434f35ef4ef5255b722cc/node_modules/@radix-ui/react-tooltip"
  dependencies:
    "@radix-ui/primitive" "1.1.3"
    "@radix-ui/react-compose-refs" "1.1.2"
    "@radix-ui/react-context" "1.1.2"
    "@radix-ui/react-dismissable-layer" "1.1.11"
    "@radix-ui/react-id" "1.1.1"
    "@radix-ui/react-popper" "1.2.8"
    "@radix-ui/react-portal" "1.1.9"
    "@radix-ui/react-presence" "1.1.5"
    "@radix-ui/react-primitive" "2.1.3"
    "@radix-ui/react-slot" "1.2.3"
    "@radix-ui/react-use-controllable-state" "1.2.2"
    "@radix-ui/react-visually-hidden" "1.2.3"

"@radix-ui/react-use-callback-ref@1.1.0":
  version "1.1.0"
  resolved "https://registry.npmjs.org/@radix-ui/react-use-callback-ref/-/react-use-callback-ref-1.1.0.tgz"
  integrity sha512-CasTfvsy+frcFkbXtSJ2Zu9JHpN8TYKxkgJGWbjiZhFivxaeW7rMeZt7QELGVLaYVfFMsKHjb7Ak0nMEe+2Vfw==

"@radix-ui/react-use-controllable-state@1.1.0":
  version "1.1.0"
  resolved "https://registry.npmjs.org/@radix-ui/react-use-controllable-state/-/react-use-controllable-state-1.1.0.tgz"
  integrity sha512-MtfMVJiSr2NjzS0Aa90NPTnvTSg6C/JLCV7ma0W6+OMV78vd8OyRpID+Ng9LxzsPbLeuBnWBA1Nq30AtBIDChw==
  dependencies:
    "@radix-ui/react-use-callback-ref" "1.1.0"

"@radix-ui/react-use-layout-effect@1.1.0":
  version "1.1.0"
  resolved "https://registry.npmjs.org/@radix-ui/react-use-layout-effect/-/react-use-layout-effect-1.1.0.tgz"
  integrity sha512-+FPE0rOdziWSrH9athwI1R0HDVbWlEhd+FR+aSDk4uWGmSJ9Z54sdZVDQPZAinJhJXwfT+qnj969mCsT2gfm5w==

"@reduxjs/toolkit@2.2.3":
  version "2.2.3"
  resolved "file:../../node_modules/.pnpm/@reduxjs+toolkit@2.2.3_react-redux@7.2.8_react-dom@18.2.0_react@18.2.0__react@18.2.0__react@18.2.0/node_modules/@reduxjs/toolkit"
  dependencies:
    immer "^10.0.3"
    redux "^5.0.1"
    redux-thunk "^3.1.0"
    reselect "^5.0.1"

"@tanstack/react-table@8.15.3":
  version "8.15.3"
  resolved "file:../../node_modules/.pnpm/@tanstack+react-table@8.15.3_react-dom@18.2.0_react@18.2.0__react@18.2.0/node_modules/@tanstack/react-table"
  dependencies:
    "@tanstack/table-core" "8.15.3"

"@testing-library/jest-dom@5.16.5":
  version "5.16.5"
  resolved "file:../../node_modules/.pnpm/@testing-library+jest-dom@5.16.5/node_modules/@testing-library/jest-dom"
  dependencies:
    "@adobe/css-tools" "^4.0.1"
    "@babel/runtime" "^7.9.2"
    "@types/testing-library__jest-dom" "^5.9.1"
    aria-query "^5.0.0"
    chalk "^3.0.0"
    css.escape "^1.5.1"
    dom-accessibility-api "^0.5.6"
    lodash "^4.17.15"
    redent "^3.0.0"

"@testing-library/react@13.4.0":
  version "13.4.0"
  resolved "file:../../node_modules/.pnpm/@testing-library+react@13.4.0_@types+react@18.3.29_react-dom@18.2.0_react@18.2.0__react@18.2.0/node_modules/@testing-library/react"
  dependencies:
    "@babel/runtime" "^7.12.5"
    "@testing-library/dom" "^8.5.0"
    "@types/react-dom" "^18.0.0"

"@types/fontfaceobserver@^2.1.0":
  version "2.1.3"
  resolved "file:../../node_modules/.pnpm/@types+fontfaceobserver@2.1.3/node_modules/@types/fontfaceobserver"

"@types/jest@^27.5.2":
  version "27.5.2"
  resolved "file:../../node_modules/.pnpm/@types+jest@27.5.2/node_modules/@types/jest"
  dependencies:
    jest-matcher-utils "^27.0.0"
    pretty-format "^27.0.0"

"@types/lodash@4.17.14":
  version "4.17.14"
  resolved "file:../../node_modules/.pnpm/@types+lodash@4.17.14/node_modules/@types/lodash"

"@types/node@^14.18.27":
  version "14.18.63"
  resolved "file:../../node_modules/.pnpm/@types+node@14.18.63/node_modules/@types/node"

"@types/react-dom@*", "@types/react-dom@^18.0.6":
  version "18.3.7"
  resolved "file:../../node_modules/.pnpm/@types+react-dom@18.3.7_@types+react@18.3.29/node_modules/@types/react-dom"

"@types/react-redux@^7.1.24":
  version "7.1.34"
  resolved "file:../../node_modules/.pnpm/@types+react-redux@7.1.34/node_modules/@types/react-redux"
  dependencies:
    "@types/hoist-non-react-statics" "^3.3.0"
    "@types/react" "*"
    hoist-non-react-statics "^3.3.0"
    redux "^4.0.0"

"@types/react-test-renderer@^18.0.0":
  version "18.3.1"
  resolved "file:../../node_modules/.pnpm/@types+react-test-renderer@18.3.1/node_modules/@types/react-test-renderer"
  dependencies:
    "@types/react" "^18"

"@types/react@*", "@types/react@^18.0.20":
  version "18.3.29"
  resolved "file:../../node_modules/.pnpm/@types+react@18.3.29/node_modules/@types/react"
  dependencies:
    "@types/prop-types" "*"
    csstype "^3.2.2"

"@types/rimraf@^3.0.2":
  version "3.0.2"
  resolved "file:../../node_modules/.pnpm/@types+rimraf@3.0.2/node_modules/@types/rimraf"
  dependencies:
    "@types/glob" "*"
    "@types/node" "*"

"@types/shelljs@^0.8.11":
  version "0.8.17"
  resolved "file:../../node_modules/.pnpm/@types+shelljs@0.8.17/node_modules/@types/shelljs"
  dependencies:
    "@types/node" "*"
    glob "^11.0.3"

"@types/styled-components@^5.1.26":
  version "5.1.36"
  resolved "file:../../node_modules/.pnpm/@types+styled-components@5.1.36/node_modules/@types/styled-components"
  dependencies:
    "@types/hoist-non-react-statics" "*"
    "@types/react" "*"
    csstype "^3.2.2"

"@types/testing-library__jest-dom@^5.14.5":
  version "5.14.9"
  resolved "file:../../node_modules/.pnpm/@types+testing-library__jest-dom@5.14.9/node_modules/@types/testing-library__jest-dom"
  dependencies:
    "@types/jest" "*"

"@types/webpack-env@^1.18.0":
  version "1.18.8"
  resolved "file:../../node_modules/.pnpm/@types+webpack-env@1.18.8/node_modules/@types/webpack-env"

"@types/webpack@^5.28.0":
  version "5.28.5"
  resolved "file:../../node_modules/.pnpm/@types+webpack@5.28.5_postcss@8.5.15/node_modules/@types/webpack"
  dependencies:
    "@types/node" "*"
    tapable "^2.2.0"
    webpack "^5"

babel-plugin-jsx-control-statements@4.1.2:
  version "4.1.2"
  resolved "file:../../node_modules/.pnpm/babel-plugin-jsx-control-statements@4.1.2/node_modules/babel-plugin-jsx-control-statements"
  dependencies:
    "@babel/core" "^7.1.2"

chalk@4.1.2:
  version "4.1.2"
  resolved "file:../../node_modules/.pnpm/chalk@4.1.2/node_modules/chalk"
  dependencies:
    ansi-styles "^4.1.0"
    supports-color "^7.1.0"

class-variance-authority@0.7.0:
  version "0.7.0"
  resolved "file:../../node_modules/.pnpm/class-variance-authority@0.7.0/node_modules/class-variance-authority"
  dependencies:
    clsx "2.0.0"

clsx@2.1.0:
  version "2.1.0"
  resolved "file:../../node_modules/.pnpm/clsx@2.1.0/node_modules/clsx"

cmdk@1.0.0:
  version "1.0.0"
  resolved "file:../../node_modules/.pnpm/cmdk@1.0.0_@types+react-dom@18.3.7_@types+react@18.3.29__@types+react@18.3.29_react-dom_9ec708f5fe85a5cfa7d4d83579e79e49/node_modules/cmdk"
  dependencies:
    "@radix-ui/react-dialog" "1.0.5"
    "@radix-ui/react-primitive" "1.0.3"

cross-env@7.0.3:
  version "7.0.3"
  resolved "file:../../node_modules/.pnpm/cross-env@7.0.3/node_modules/cross-env"
  dependencies:
    cross-spawn "^7.0.1"

customize-cra@1.0.0:
  version "1.0.0"
  resolved "file:../../node_modules/.pnpm/customize-cra@1.0.0/node_modules/customize-cra"
  dependencies:
    lodash.flow "^3.5.0"

emoji-picker-react@4.12.0:
  version "4.12.0"
  resolved "file:../../node_modules/.pnpm/emoji-picker-react@4.12.0_react@18.2.0/node_modules/emoji-picker-react"
  dependencies:
    flairup "1.0.0"

eslint-config-prettier@8.5.0:
  version "8.5.0"
  resolved "file:../../node_modules/.pnpm/eslint-config-prettier@8.5.0_eslint@8.57.1/node_modules/eslint-config-prettier"

eslint-plugin-jsx-control-statements@3.0.0:
  version "3.0.0"
  resolved "file:../../node_modules/.pnpm/eslint-plugin-jsx-control-statements@3.0.0_eslint@8.57.1/node_modules/eslint-plugin-jsx-control-statements"

eslint-plugin-prettier@4.2.1:
  version "4.2.1"
  resolved "file:../../node_modules/.pnpm/eslint-plugin-prettier@4.2.1_eslint-config-prettier@8.5.0_eslint@8.57.1__eslint@8.57.1_prettier@2.7.1/node_modules/eslint-plugin-prettier"
  dependencies:
    prettier-linter-helpers "^1.0.0"

eslint-plugin-react-hooks@4.6.0:
  version "4.6.0"
  resolved "file:../../node_modules/.pnpm/eslint-plugin-react-hooks@4.6.0_eslint@8.57.1/node_modules/eslint-plugin-react-hooks"

fontfaceobserver@2.3.0:
  version "2.3.0"
  resolved "file:../../node_modules/.pnpm/fontfaceobserver@2.3.0/node_modules/fontfaceobserver"

framer-motion@12.40.0:
  version "12.40.0"
  resolved "file:../../node_modules/.pnpm/framer-motion@12.40.0_@emotion+is-prop-valid@1.4.0_react-dom@18.2.0_react@18.2.0__react@18.2.0/node_modules/framer-motion"
  dependencies:
    motion-dom "^12.40.0"
    motion-utils "^12.39.0"
    tslib "^2.4.0"

husky@8.0.1:
  version "8.0.1"
  resolved "file:../../node_modules/.pnpm/husky@8.0.1/node_modules/husky"

i18next-browser-languagedetector@6.1.5:
  version "6.1.5"
  resolved "file:../../node_modules/.pnpm/i18next-browser-languagedetector@6.1.5/node_modules/i18next-browser-languagedetector"
  dependencies:
    "@babel/runtime" "^7.18.9"

i18next-scanner@4.0.0:
  version "4.0.0"
  resolved "file:../../node_modules/.pnpm/i18next-scanner@4.0.0/node_modules/i18next-scanner"
  dependencies:
    acorn "^8.0.4"
    acorn-dynamic-import "^4.0.0"
    acorn-jsx "^5.3.1"
    acorn-stage3 "^4.0.0"
    acorn-walk "^8.0.0"
    chalk "^4.1.0"
    clone-deep "^4.0.0"
    commander "^9.0.0"
    deepmerge "^4.0.0"
    ensure-type "^1.5.0"
    eol "^0.9.1"
    esprima-next "^5.7.0"
    gulp-sort "^2.0.0"
    i18next "*"
    lodash "^4.0.0"
    parse5 "^6.0.0"
    sortobject "^4.0.0"
    through2 "^4.0.0"
    vinyl "^2.2.0"
    vinyl-fs "^3.0.1"

i18next@21.9.2:
  version "21.9.2"
  resolved "file:../../node_modules/.pnpm/i18next@21.9.2/node_modules/i18next"
  dependencies:
    "@babel/runtime" "^7.17.2"

input-otp@1.2.4:
  version "1.2.4"
  resolved "file:../../node_modules/.pnpm/input-otp@1.2.4_react-dom@18.2.0_react@18.2.0__react@18.2.0/node_modules/input-otp"

inquirer-directory@2.2.0:
  version "2.2.0"
  resolved "file:../../node_modules/.pnpm/inquirer-directory@2.2.0/node_modules/inquirer-directory"
  dependencies:
    chalk "^1.1.1"
    cli-cursor "^1.0.2"
    figures "^1.4.0"
    inquirer "^1.1.3"
    lodash "^4.17.11"
    rx-lite "^4.0.8"
    util "^0.10.3"

inquirer@7.3.3:
  version "7.3.3"
  resolved "file:../../node_modules/.pnpm/inquirer@7.3.3/node_modules/inquirer"
  dependencies:
    ansi-escapes "^4.2.1"
    chalk "^4.1.0"
    cli-cursor "^3.1.0"
    cli-width "^3.0.0"
    external-editor "^3.0.3"
    figures "^3.0.0"
    lodash "^4.17.19"
    mute-stream "0.0.8"
    run-async "^2.4.0"
    rxjs "^6.6.0"
    string-width "^4.1.0"
    strip-ansi "^6.0.0"
    through "^2.3.6"

jest-styled-components@7.1.1:
  version "7.1.1"
  resolved "file:../../node_modules/.pnpm/jest-styled-components@7.1.1_styled-components@6.4.2_react-dom@18.2.0_react@18.2.0__react@18.2.0_/node_modules/jest-styled-components"
  dependencies:
    "@adobe/css-tools" "^4.0.1"

lint-staged@13.0.3:
  version "13.0.3"
  resolved "file:../../node_modules/.pnpm/lint-staged@13.0.3/node_modules/lint-staged"
  dependencies:
    cli-truncate "^3.1.0"
    colorette "^2.0.17"
    commander "^9.3.0"
    debug "^4.3.4"
    execa "^6.1.0"
    lilconfig "2.0.5"
    listr2 "^4.0.5"
    micromatch "^4.0.5"
    normalize-path "^3.0.0"
    object-inspect "^1.12.2"
    pidtree "^0.6.0"
    string-argv "^0.3.1"
    yaml "^2.1.1"

loadash@1.0.0:
  version "1.0.0"
  resolved "file:../../node_modules/.pnpm/loadash@1.0.0/node_modules/loadash"

lodash@4.17.21:
  version "4.17.21"
  resolved "file:../../node_modules/.pnpm/lodash@4.17.21/node_modules/lodash"

lucide-react@0.471.0:
  version "0.471.0"
  resolved "file:../../node_modules/.pnpm/lucide-react@0.471.0_react@18.2.0/node_modules/lucide-react"

node-plop@0.26.3:
  version "0.26.3"
  resolved "file:../../node_modules/.pnpm/node-plop@0.26.3/node_modules/node-plop"
  dependencies:
    "@babel/runtime-corejs3" "^7.9.2"
    "@types/inquirer" "^6.5.0"
    change-case "^3.1.0"
    del "^5.1.0"
    globby "^10.0.1"
    handlebars "^4.4.3"
    inquirer "^7.1.0"
    isbinaryfile "^4.0.2"
    lodash.get "^4.4.2"
    mkdirp "^0.5.1"
    resolve "^1.12.0"

plop@2.7.6:
  version "2.7.6"
  resolved "file:../../node_modules/.pnpm/plop@2.7.6/node_modules/plop"
  dependencies:
    "@types/liftoff" "^2.5.1"
    chalk "^1.1.3"
    interpret "^1.2.0"
    liftoff "^2.5.0"
    minimist "^1.2.5"
    node-plop "^0.26.3"
    ora "^3.4.0"
    v8flags "^2.0.10"

prettier@2.7.1:
  version "2.7.1"
  resolved "file:../../node_modules/.pnpm/prettier@2.7.1/node_modules/prettier"

primereact@10.6.2:
  version "10.6.2"
  resolved "file:../../node_modules/.pnpm/primereact@10.6.2_@types+react@18.3.29_react-dom@18.2.0_react@18.2.0__react@18.2.0/node_modules/primereact"
  dependencies:
    "@types/react-transition-group" "^4.4.1"
    react-transition-group "^4.4.1"

react-app-polyfill@3.0.0:
  version "3.0.0"
  resolved "file:../../node_modules/.pnpm/react-app-polyfill@3.0.0/node_modules/react-app-polyfill"
  dependencies:
    core-js "^3.19.2"
    object-assign "^4.1.1"
    promise "^8.1.0"
    raf "^3.4.1"
    regenerator-runtime "^0.13.9"
    whatwg-fetch "^3.6.2"

react-app-rewired@2.2.1:
  version "2.2.1"
  resolved "file:../../node_modules/.pnpm/react-app-rewired@2.2.1_react-scripts@5.0.1_@babel+plugin-syntax-flow@7.29.7_@babel+cor_8661ea874e0005244a7ef3e5430470f7/node_modules/react-app-rewired"
  dependencies:
    semver "^5.6.0"

"react-dom@^16.8 || ^17.0 || ^18.0 || ^19.0 || ^19.0.0-rc", react-dom@18.2.0:
  version "18.2.0"
  resolved "file:../../node_modules/.pnpm/react-dom@18.2.0_react@18.2.0/node_modules/react-dom"
  dependencies:
    loose-envify "^1.1.0"
    scheduler "^0.23.0"

react-google-autocomplete@2.7.3:
  version "2.7.3"
  resolved "file:../../node_modules/.pnpm/react-google-autocomplete@2.7.3_react@18.2.0/node_modules/react-google-autocomplete"
  dependencies:
    lodash.debounce "^4.0.8"
    prop-types "^15.5.0"

react-helmet-async@1.3.0:
  version "1.3.0"
  resolved "file:../../node_modules/.pnpm/react-helmet-async@1.3.0_react-dom@18.2.0_react@18.2.0__react@18.2.0/node_modules/react-helmet-async"
  dependencies:
    "@babel/runtime" "^7.12.5"
    invariant "^2.2.4"
    prop-types "^15.7.2"
    react-fast-compare "^3.2.0"
    shallowequal "^1.1.0"

react-hook-form@7.54.2:
  version "7.54.2"
  resolved "file:../../node_modules/.pnpm/react-hook-form@7.54.2_react@18.2.0/node_modules/react-hook-form"

react-i18next@11.18.6:
  version "11.18.6"
  resolved "file:../../node_modules/.pnpm/react-i18next@11.18.6_i18next@21.9.2_react-dom@18.2.0_react@18.2.0__react@18.2.0/node_modules/react-i18next"
  dependencies:
    "@babel/runtime" "^7.14.5"
    html-parse-stringify "^3.0.1"

react-is@18.2.0:
  version "18.2.0"
  resolved "file:../../node_modules/.pnpm/react-is@18.2.0/node_modules/react-is"

react-lazy-load-image-component@1.6.0:
  version "1.6.0"
  resolved "file:../../node_modules/.pnpm/react-lazy-load-image-component@1.6.0_react-dom@18.2.0_react@18.2.0__react@18.2.0/node_modules/react-lazy-load-image-component"
  dependencies:
    lodash.debounce "^4.0.8"
    lodash.throttle "^4.1.1"

react-phone-input-2@2.15.1:
  version "2.15.1"
  resolved "file:../../node_modules/.pnpm/react-phone-input-2@2.15.1_react-dom@18.2.0_react@18.2.0__react@18.2.0/node_modules/react-phone-input-2"
  dependencies:
    classnames "^2.2.6"
    lodash.debounce "^4.0.8"
    lodash.memoize "^4.1.2"
    lodash.reduce "^4.6.0"
    lodash.startswith "^4.2.1"
    prop-types "^15.7.2"

react-quill@2.0.0:
  version "2.0.0"
  resolved "file:../../node_modules/.pnpm/react-quill@2.0.0_react-dom@18.2.0_react@18.2.0__react@18.2.0/node_modules/react-quill"
  dependencies:
    "@types/quill" "^1.3.10"
    lodash "^4.17.4"
    quill "^1.3.7"

react-redux@7.2.8:
  version "7.2.8"
  resolved "file:../../node_modules/.pnpm/react-redux@7.2.8_react-dom@18.2.0_react@18.2.0__react@18.2.0/node_modules/react-redux"
  dependencies:
    "@babel/runtime" "^7.15.4"
    "@types/react-redux" "^7.1.20"
    hoist-non-react-statics "^3.3.2"
    loose-envify "^1.4.0"
    prop-types "^15.7.2"
    react-is "^17.0.2"

react-responsive-carousel@3.2.23:
  version "3.2.23"
  resolved "file:../../node_modules/.pnpm/react-responsive-carousel@3.2.23/node_modules/react-responsive-carousel"
  dependencies:
    classnames "^2.2.5"
    prop-types "^15.5.8"
    react-easy-swipe "^0.0.21"

react-responsive-modal@6.4.2:
  version "6.4.2"
  resolved "file:../../node_modules/.pnpm/react-responsive-modal@6.4.2_react-dom@18.2.0_react@18.2.0__react@18.2.0/node_modules/react-responsive-modal"
  dependencies:
    "@bedrock-layout/use-forwarded-ref" "^1.3.1"
    body-scroll-lock "^3.1.5"
    classnames "^2.3.1"

react-router-dom@6.3.0:
  version "6.3.0"
  resolved "file:../../node_modules/.pnpm/react-router-dom@6.3.0_react-dom@18.2.0_react@18.2.0__react@18.2.0/node_modules/react-router-dom"
  dependencies:
    history "^5.2.0"
    react-router "6.3.0"

react-scripts@5.0.1:
  version "5.0.1"
  resolved "file:../../node_modules/.pnpm/react-scripts@5.0.1_@babel+plugin-syntax-flow@7.29.7_@babel+core@7.29.7__@babel+plugin-_2863827ef7d2db171dddcb20c1191ca9/node_modules/react-scripts"
  dependencies:
    "@babel/core" "^7.16.0"
    "@pmmmwh/react-refresh-webpack-plugin" "^0.5.3"
    "@svgr/webpack" "^5.5.0"
    babel-jest "^27.4.2"
    babel-loader "^8.2.3"
    babel-plugin-named-asset-import "^0.3.8"
    babel-preset-react-app "^10.0.1"
    bfj "^7.0.2"
    browserslist "^4.18.1"
    camelcase "^6.2.1"
    case-sensitive-paths-webpack-plugin "^2.4.0"
    css-loader "^6.5.1"
    css-minimizer-webpack-plugin "^3.2.0"
    dotenv "^10.0.0"
    dotenv-expand "^5.1.0"
    eslint "^8.3.0"
    eslint-config-react-app "^7.0.1"
    eslint-webpack-plugin "^3.1.1"
    file-loader "^6.2.0"
    fs-extra "^10.0.0"
    html-webpack-plugin "^5.5.0"
    identity-obj-proxy "^3.0.0"
    jest "^27.4.3"
    jest-resolve "^27.4.2"
    jest-watch-typeahead "^1.0.0"
    mini-css-extract-plugin "^2.4.5"
    postcss "^8.4.4"
    postcss-flexbugs-fixes "^5.0.2"
    postcss-loader "^6.2.1"
    postcss-normalize "^10.0.1"
    postcss-preset-env "^7.0.1"
    prompts "^2.4.2"
    react-app-polyfill "^3.0.0"
    react-dev-utils "^12.0.1"
    react-refresh "^0.11.0"
    resolve "^1.20.0"
    resolve-url-loader "^4.0.0"
    sass-loader "^12.3.0"
    semver "^7.3.5"
    source-map-loader "^3.0.0"
    style-loader "^3.3.1"
    tailwindcss "^3.0.2"
    terser-webpack-plugin "^5.2.5"
    webpack "^5.64.4"
    webpack-dev-server "^4.6.0"
    webpack-manifest-plugin "^4.0.2"
    workbox-webpack-plugin "^6.4.1"
  optionalDependencies:
    fsevents "^2.3.2"

react-select@5.10.0:
  version "5.10.0"
  resolved "file:../../node_modules/.pnpm/react-select@5.10.0_@types+react@18.3.29_react-dom@18.2.0_react@18.2.0__react@18.2.0/node_modules/react-select"
  dependencies:
    "@babel/runtime" "^7.12.0"
    "@emotion/cache" "^11.4.0"
    "@emotion/react" "^11.8.1"
    "@floating-ui/dom" "^1.0.1"
    "@types/react-transition-group" "^4.4.0"
    memoize-one "^6.0.0"
    prop-types "^15.6.0"
    react-transition-group "^4.3.0"
    use-isomorphic-layout-effect "^1.2.0"

react-test-renderer@18.2.0:
  version "18.2.0"
  resolved "file:../../node_modules/.pnpm/react-test-renderer@18.2.0_react@18.2.0/node_modules/react-test-renderer"
  dependencies:
    react-is "^18.2.0"
    react-shallow-renderer "^16.15.0"
    scheduler "^0.23.0"

"react@^16.8 || ^17.0 || ^18.0 || ^19.0 || ^19.0.0-rc", react@18.2.0:
  version "18.2.0"
  resolved "file:../../node_modules/.pnpm/react@18.2.0/node_modules/react"
  dependencies:
    loose-envify "^1.1.0"

redux-injectors@1.3.0:
  version "1.3.0"
  resolved "file:../../node_modules/.pnpm/redux-injectors@1.3.0_react-dom@18.2.0_react@18.2.0__react-redux@7.2.8_react-dom@18.2.0_633db0f2bc6f998f6f35a061c0e24801/node_modules/redux-injectors"
  dependencies:
    hoist-non-react-statics "^3.3.2"
    invariant "^2.2.4"
    lodash "^4.17.15"
    redux "^4.0.5"

redux-saga@1.2.1:
  version "1.2.1"
  resolved "file:../../node_modules/.pnpm/redux-saga@1.2.1/node_modules/redux-saga"
  dependencies:
    "@redux-saga/core" "^1.2.1"

rimraf@3.0.2:
  version "3.0.2"
  resolved "file:../../node_modules/.pnpm/rimraf@3.0.2/node_modules/rimraf"
  dependencies:
    glob "^7.1.3"

sanitize.css@13.0.0:
  version "13.0.0"
  resolved "file:../../node_modules/.pnpm/sanitize.css@13.0.0/node_modules/sanitize.css"

serve@14.0.1:
  version "14.0.1"
  resolved "file:../../node_modules/.pnpm/serve@14.0.1/node_modules/serve"
  dependencies:
    "@zeit/schemas" "2.21.0"
    ajv "8.11.0"
    arg "5.0.2"
    boxen "7.0.0"
    chalk "5.0.1"
    chalk-template "0.4.0"
    clipboardy "3.0.0"
    compression "1.7.4"
    is-port-reachable "4.0.0"
    serve-handler "6.1.3"
    update-check "1.5.4"

shelljs@0.8.5:
  version "0.8.5"
  resolved "file:../../node_modules/.pnpm/shelljs@0.8.5/node_modules/shelljs"
  dependencies:
    glob "^7.0.0"
    interpret "^1.0.0"
    rechoir "^0.6.2"

stylelint-config-recommended@9.0.0:
  version "9.0.0"
  resolved "file:../../node_modules/.pnpm/stylelint-config-recommended@9.0.0_stylelint@14.12.0/node_modules/stylelint-config-recommended"

stylelint-config-styled-components@0.1.1:
  version "0.1.1"
  resolved "file:../../node_modules/.pnpm/stylelint-config-styled-components@0.1.1/node_modules/stylelint-config-styled-components"

stylelint-processor-styled-components@1.10.0:
  version "1.10.0"
  resolved "file:../../node_modules/.pnpm/stylelint-processor-styled-components@1.10.0/node_modules/stylelint-processor-styled-components"
  dependencies:
    "@babel/parser" "^7.8.3"
    "@babel/traverse" "^7.8.3"
    micromatch "^4.0.2"
    postcss "^7.0.26"

stylelint@14.12.0:
  version "14.12.0"
  resolved "file:../../node_modules/.pnpm/stylelint@14.12.0/node_modules/stylelint"
  dependencies:
    "@csstools/selector-specificity" "^2.0.2"
    balanced-match "^2.0.0"
    colord "^2.9.3"
    cosmiconfig "^7.0.1"
    css-functions-list "^3.1.0"
    debug "^4.3.4"
    fast-glob "^3.2.12"
    fastest-levenshtein "^1.0.16"
    file-entry-cache "^6.0.1"
    global-modules "^2.0.0"
    globby "^11.1.0"
    globjoin "^0.1.4"
    html-tags "^3.2.0"
    ignore "^5.2.0"
    import-lazy "^4.0.0"
    imurmurhash "^0.1.4"
    is-plain-object "^5.0.0"
    known-css-properties "^0.25.0"
    mathml-tag-names "^2.1.3"
    meow "^9.0.0"
    micromatch "^4.0.5"
    normalize-path "^3.0.0"
    picocolors "^1.0.0"
    postcss "^8.4.16"
    postcss-media-query-parser "^0.2.3"
    postcss-resolve-nested-selector "^0.1.1"
    postcss-safe-parser "^6.0.0"
    postcss-selector-parser "^6.0.10"
    postcss-value-parser "^4.2.0"
    resolve-from "^5.0.0"
    string-width "^4.2.3"
    strip-ansi "^6.0.1"
    style-search "^0.1.0"
    supports-hyperlinks "^2.3.0"
    svg-tags "^1.0.0"
    table "^6.8.0"
    v8-compile-cache "^2.3.0"
    write-file-atomic "^4.0.2"

tailwind-merge@2.6.0:
  version "2.6.0"
  resolved "file:../../node_modules/.pnpm/tailwind-merge@2.6.0/node_modules/tailwind-merge"

tailwindcss-animate@1.0.7:
  version "1.0.7"
  resolved "file:../../node_modules/.pnpm/tailwindcss-animate@1.0.7_tailwindcss@3.4.17_ts-node@10.9.1_@types+node@14.18.63_typescript@4.6.4__/node_modules/tailwindcss-animate"

tailwindcss@3.4.17:
  version "3.4.17"
  resolved "file:../../node_modules/.pnpm/tailwindcss@3.4.17_ts-node@10.9.1_@types+node@14.18.63_typescript@4.6.4_/node_modules/tailwindcss"
  dependencies:
    "@alloc/quick-lru" "^5.2.0"
    arg "^5.0.2"
    chokidar "^3.6.0"
    didyoumean "^1.2.2"
    dlv "^1.1.3"
    fast-glob "^3.3.2"
    glob-parent "^6.0.2"
    is-glob "^4.0.3"
    jiti "^1.21.6"
    lilconfig "^3.1.3"
    micromatch "^4.0.8"
    normalize-path "^3.0.0"
    object-hash "^3.0.0"
    picocolors "^1.1.1"
    postcss "^8.4.47"
    postcss-import "^15.1.0"
    postcss-js "^4.0.1"
    postcss-load-config "^4.0.2"
    postcss-nested "^6.2.0"
    postcss-selector-parser "^6.1.2"
    resolve "^1.22.8"
    sucrase "^3.35.0"

ts-node@10.9.1:
  version "10.9.1"
  resolved "file:../../node_modules/.pnpm/ts-node@10.9.1_@types+node@14.18.63_typescript@4.6.4/node_modules/ts-node"
  dependencies:
    "@cspotcode/source-map-support" "^0.8.0"
    "@tsconfig/node10" "^1.0.7"
    "@tsconfig/node12" "^1.0.7"
    "@tsconfig/node14" "^1.0.0"
    "@tsconfig/node16" "^1.0.2"
    acorn "^8.4.1"
    acorn-walk "^8.1.1"
    arg "^4.1.0"
    create-require "^1.1.0"
    diff "^4.0.1"
    make-error "^1.1.1"
    v8-compile-cache-lib "^3.0.1"
    yn "3.1.1"

typescript@4.6.4:
  version "4.6.4"
  resolved "file:../../node_modules/.pnpm/typescript@4.6.4/node_modules/typescript"

web-vitals@2.1.4:
  version "2.1.4"
  resolved "file:../../node_modules/.pnpm/web-vitals@2.1.4/node_modules/web-vitals"
